
Microsoft Visual Studio Solution File, Format Version 12.00
# Visual Studio 15
VisualStudioVersion = 15.0.26730.12
MinimumVisualStudioVersion = 10.0.40219.1
Project("{FAE04EC0-301F-11D3-BF4B-00C04F79EFBC}") = "Test", "Test\Test.csproj", "{B6824E51-0DF3-47FA-AB84-55754BBFD9D4}"
EndProject
Project("{FAE04EC0-301F-11D3-BF4B-00C04F79EFBC}") = "DAL", "DAL\DAL.csproj", "{F4BFB1ED-0688-471B-9056-DE2574AE6AA5}"
EndProject
Project("{FAE04EC0-301F-11D3-BF4B-00C04F79EFBC}") = "Models", "Models\Models.csproj", "{D93A10A0-48B5-438F-9277-D80D5265A434}"
EndProject
Global
	GlobalSection(SolutionConfigurationPlatforms) = preSolution
		Debug|Any CPU = Debug|Any CPU
		Release|Any CPU = Release|Any CPU
	EndGlobalSection
	GlobalSection(ProjectConfigurationPlatforms) = postSolution
		{B6824E51-0DF3-47FA-AB84-55754BBFD9D4}.Debug|Any CPU.ActiveCfg = Debug|Any CPU
		{B6824E51-0DF3-47FA-AB84-55754BBFD9D4}.Debug|Any CPU.Build.0 = Debug|Any CPU
		{B6824E51-0DF3-47FA-AB84-55754BBFD9D4}.Release|Any CPU.ActiveCfg = Release|Any CPU
		{B6824E51-0DF3-47FA-AB84-55754BBFD9D4}.Release|Any CPU.Build.0 = Release|Any CPU
		{F4BFB1ED-0688-471B-9056-DE2574AE6AA5}.Debug|Any CPU.ActiveCfg = Debug|Any CPU
		{F4BFB1ED-0688-471B-9056-DE2574AE6AA5}.Debug|Any CPU.Build.0 = Debug|Any CPU
		{F4BFB1ED-0688-471B-9056-DE2574AE6AA5}.Release|Any CPU.ActiveCfg = Release|Any CPU
		{F4BFB1ED-0688-471B-9056-DE2574AE6AA5}.Release|Any CPU.Build.0 = Release|Any CPU
		{D93A10A0-48B5-438F-9277-D80D5265A434}.Debug|Any CPU.ActiveCfg = Debug|Any CPU
		{D93A10A0-48B5-438F-9277-D80D5265A434}.Debug|Any CPU.Build.0 = Debug|Any CPU
		{D93A10A0-48B5-438F-9277-D80D5265A434}.Release|Any CPU.ActiveCfg = Release|Any CPU
		{D93A10A0-48B5-438F-9277-D80D5265A434}.Release|Any CPU.Build.0 = Release|Any CPU
	EndGlobalSection
	GlobalSection(SolutionProperties) = preSolution
		HideSolutionNode = FALSE
	EndGlobalSection
	GlobalSection(ExtensibilityGlobals) = postSolution
		SolutionGuid = {160B704F-5A60-4766-9615-E2F19C6244CD}
	EndGlobalSection
EndGlobal
